
Microsoft Visual Studio Solution File, Format Version 12.00
# Visual Studio 15
Project("{FAE04EC0-301F-11D3-BF4B-00C04F79EFBC}") = "Unity.Timeline", "Unity.Timeline.csproj", "{12F83CB7-3DBF-F336-4AF0-E0CF1C76D98D}"
EndProject
Project("{FAE04EC0-301F-11D3-BF4B-00C04F79EFBC}") = "Unity.PlasticSCM.Editor", "Unity.PlasticSCM.Editor.csproj", "{B0B2EFE8-F086-AA31-99DE-2B61268BDFEB}"
EndProject
Project("{FAE04EC0-301F-11D3-BF4B-00C04F79EFBC}") = "Unity.2D.Aseprite.Editor", "Unity.2D.Aseprite.Editor.csproj", "{E7036E74-1DB7-01F0-9CC6-801FAB4F6FD0}"
EndProject
Project("{FAE04EC0-301F-11D3-BF4B-00C04F79EFBC}") = "Unity.VisualScripting.Flow", "Unity.VisualScripting.Flow.csproj", "{EF70064E-C704-B19C-82EC-5B63B88B7688}"
EndProject
Project("{FAE04EC0-301F-11D3-BF4B-00C04F79EFBC}") = "Unity.Timeline.Editor", "Unity.Timeline.Editor.csproj", "{5CBBF213-D873-6F92-F992-F68F13AD2149}"
EndProject
Project("{FAE04EC0-301F-11D3-BF4B-00C04F79EFBC}") = "Unity.Mathematics", "Unity.Mathematics.csproj", "{346923B3-E28E-C21C-53EF-D0A6E479FBA4}"
EndProject
Project("{FAE04EC0-301F-11D3-BF4B-00C04F79EFBC}") = "Unity.2D.Common.Path.Editor", "Unity.2D.Common.Path.Editor.csproj", "{863E48CB-528C-F50F-9D4B-7801BE1DCBE8}"
EndProject
Project("{FAE04EC0-301F-11D3-BF4B-00C04F79EFBC}") = "Unity.2D.Psdimporter.Editor", "Unity.2D.Psdimporter.Editor.csproj", "{5CFC22FF-D25E-7E88-FCF6-C1076816EBBC}"
EndProject
Project("{FAE04EC0-301F-11D3-BF4B-00C04F79EFBC}") = "Unity.VisualScripting.Core.Editor", "Unity.VisualScripting.Core.Editor.csproj", "{6F794D2E-D5AA-911C-4CBC-9C1B82A7478A}"
EndProject
Project("{FAE04EC0-301F-11D3-BF4B-00C04F79EFBC}") = "Unity.2D.IK.Runtime", "Unity.2D.IK.Runtime.csproj", "{1C7DE591-4C0D-D062-F163-DC2089E2B956}"
EndProject
Project("{FAE04EC0-301F-11D3-BF4B-00C04F79EFBC}") = "UnityEditor.TestRunner", "UnityEditor.TestRunner.csproj", "{183FCD29-ED0C-3BF0-2477-FF71625B50F4}"
EndProject
Project("{FAE04EC0-301F-11D3-BF4B-00C04F79EFBC}") = "Unity.TextMeshPro.Editor", "Unity.TextMeshPro.Editor.csproj", "{7B95FADF-5C27-E49A-F229-2B670B4A240D}"
EndProject
Project("{FAE04EC0-301F-11D3-BF4B-00C04F79EFBC}") = "Unity.VisualScripting.Flow.Editor", "Unity.VisualScripting.Flow.Editor.csproj", "{96F500E4-32E2-207B-7372-E0EBC56A010B}"
EndProject
Project("{FAE04EC0-301F-11D3-BF4B-00C04F79EFBC}") = "UnityEngine.TestRunner", "UnityEngine.TestRunner.csproj", "{24CFA611-9EDE-4D3B-1E66-9D8426337CCF}"
EndProject
Project("{FAE04EC0-301F-11D3-BF4B-00C04F79EFBC}") = "Unity.VisualScripting.Core", "Unity.VisualScripting.Core.csproj", "{0692C4BF-B6CE-13E0-0DCE-91EA241FB8EF}"
EndProject
Project("{FAE04EC0-301F-11D3-BF4B-00C04F79EFBC}") = "Unity.Searcher.Editor", "Unity.Searcher.Editor.csproj", "{1307800D-3A11-CEC7-F6A0-8D086810DBF6}"
EndProject
Project("{FAE04EC0-301F-11D3-BF4B-00C04F79EFBC}") = "Unity.Burst", "Unity.Burst.csproj", "{B9ADB8C0-D284-7001-44F1-8C07918FBC64}"
EndProject
Project("{FAE04EC0-301F-11D3-BF4B-00C04F79EFBC}") = "PsdPlugin", "PsdPlugin.csproj", "{AF169846-BB7C-A315-8587-84900529CDA6}"
EndProject
Project("{FAE04EC0-301F-11D3-BF4B-00C04F79EFBC}") = "Unity.Collections", "Unity.Collections.csproj", "{DEC35FBC-8AD1-DC1C-06B7-A0C9D00DC228}"
EndProject
Project("{FAE04EC0-301F-11D3-BF4B-00C04F79EFBC}") = "Unity.2D.Animation.Editor", "Unity.2D.Animation.Editor.csproj", "{3F84EB69-2F76-E6EB-E533-B4337A4C217F}"
EndProject
Project("{FAE04EC0-301F-11D3-BF4B-00C04F79EFBC}") = "Unity.2D.SpriteShape.Editor", "Unity.2D.SpriteShape.Editor.csproj", "{6D4EA075-1A28-7026-CE48-AC8494000565}"
EndProject
Project("{FAE04EC0-301F-11D3-BF4B-00C04F79EFBC}") = "Unity.VisualStudio.Editor", "Unity.VisualStudio.Editor.csproj", "{B6CA5C68-1EE8-8120-D976-DE08943AC219}"
EndProject
Project("{FAE04EC0-301F-11D3-BF4B-00C04F79EFBC}") = "Unity.Rider.Editor", "Unity.Rider.Editor.csproj", "{B317E922-EA77-CDB0-59B3-A7155D528449}"
EndProject
Project("{FAE04EC0-301F-11D3-BF4B-00C04F79EFBC}") = "Unity.InternalAPIEditorBridge.001", "Unity.InternalAPIEditorBridge.001.csproj", "{63B5196B-4EF8-8898-BD99-AF5EC4D1799A}"
EndProject
Project("{FAE04EC0-301F-11D3-BF4B-00C04F79EFBC}") = "Unity.2D.SpriteShape.Runtime", "Unity.2D.SpriteShape.Runtime.csproj", "{3B3E15FB-4E80-8695-AD84-CE96984370B9}"
EndProject
Project("{FAE04EC0-301F-11D3-BF4B-00C04F79EFBC}") = "Unity.CollabProxy.Editor", "Unity.CollabProxy.Editor.csproj", "{762AAA80-DEF1-2DB1-DE7B-9C8E1FE6AD4A}"
EndProject
Project("{FAE04EC0-301F-11D3-BF4B-00C04F79EFBC}") = "Unity.VisualScripting.State.Editor", "Unity.VisualScripting.State.Editor.csproj", "{6A9D9013-88E1-FA10-68D2-B3B0F27CA84A}"
EndProject
Project("{FAE04EC0-301F-11D3-BF4B-00C04F79EFBC}") = "Unity.Burst.CodeGen", "Unity.Burst.CodeGen.csproj", "{C96B58A4-4B3C-F80A-A7EE-4224FEABE26C}"
EndProject
Project("{FAE04EC0-301F-11D3-BF4B-00C04F79EFBC}") = "Unity.VisualScripting.State", "Unity.VisualScripting.State.csproj", "{C616F0ED-F5A2-76DD-3274-2BCD0945F908}"
EndProject
Project("{FAE04EC0-301F-11D3-BF4B-00C04F79EFBC}") = "Assembly-CSharp", "Assembly-CSharp.csproj", "{78519391-4B17-36AB-AE90-9247BA87632C}"
EndProject
Project("{FAE04EC0-301F-11D3-BF4B-00C04F79EFBC}") = "Unity.TextMeshPro", "Unity.TextMeshPro.csproj", "{AEB821C8-2C91-45E0-076F-8C0EB1FEE89D}"
EndProject
Project("{FAE04EC0-301F-11D3-BF4B-00C04F79EFBC}") = "Unity.2D.Tilemap.Extras.Editor", "Unity.2D.Tilemap.Extras.Editor.csproj", "{2CB94E3A-CE15-AC62-8F2F-715E06D256C4}"
EndProject
Project("{FAE04EC0-301F-11D3-BF4B-00C04F79EFBC}") = "Unity.2D.Animation.Runtime", "Unity.2D.Animation.Runtime.csproj", "{FB3C08F6-5564-1C8D-E817-53BF93DC1010}"
EndProject
Project("{FAE04EC0-301F-11D3-BF4B-00C04F79EFBC}") = "Unity.VisualScripting.SettingsProvider.Editor", "Unity.VisualScripting.SettingsProvider.Editor.csproj", "{28487956-B387-5C0D-E0E0-3B1EC717DC71}"
EndProject
Project("{FAE04EC0-301F-11D3-BF4B-00C04F79EFBC}") = "Unity.2D.IK.Editor", "Unity.2D.IK.Editor.csproj", "{64C1C16C-15F1-A433-456A-29DFB61207E1}"
EndProject
Project("{FAE04EC0-301F-11D3-BF4B-00C04F79EFBC}") = "Unity.InternalAPIEngineBridge.001", "Unity.InternalAPIEngineBridge.001.csproj", "{A0F61711-D523-92BB-736D-FB979A948097}"
EndProject
Project("{FAE04EC0-301F-11D3-BF4B-00C04F79EFBC}") = "Unity.2D.Aseprite.Common", "Unity.2D.Aseprite.Common.csproj", "{083C005C-0CD4-900C-307D-13A931F4CF9D}"
EndProject
Project("{FAE04EC0-301F-11D3-BF4B-00C04F79EFBC}") = "Unity.Burst.Editor", "Unity.Burst.Editor.csproj", "{EFAF99FA-5BD1-D9D1-58FB-840F3ABEFC33}"
EndProject
Project("{FAE04EC0-301F-11D3-BF4B-00C04F79EFBC}") = "Unity.2D.Common.Editor", "Unity.2D.Common.Editor.csproj", "{A777964D-4ADB-9AB9-8049-74B47216ABD5}"
EndProject
Project("{FAE04EC0-301F-11D3-BF4B-00C04F79EFBC}") = "Assembly-CSharp-firstpass", "Assembly-CSharp-firstpass.csproj", "{0D5493A9-2DFA-5D4B-4A8D-198B950B19E3}"
EndProject
Project("{FAE04EC0-301F-11D3-BF4B-00C04F79EFBC}") = "Unity.2D.PixelPerfect", "Unity.2D.PixelPerfect.csproj", "{FE975ADC-7625-E37D-154A-C8CC43608F99}"
EndProject
Project("{FAE04EC0-301F-11D3-BF4B-00C04F79EFBC}") = "Unity.2D.PixelPerfect.Editor", "Unity.2D.PixelPerfect.Editor.csproj", "{D63CDDBF-6EC0-EEC4-1696-E03AA0ECFE9F}"
EndProject
Project("{FAE04EC0-301F-11D3-BF4B-00C04F79EFBC}") = "Unity.2D.Common.Runtime", "Unity.2D.Common.Runtime.csproj", "{9A59BAA3-74FB-D374-5BCA-1B83A5497174}"
EndProject
Project("{FAE04EC0-301F-11D3-BF4B-00C04F79EFBC}") = "Unity.Mathematics.Editor", "Unity.Mathematics.Editor.csproj", "{73A0D054-3276-6725-655C-DEC1F3AE0D43}"
EndProject
Project("{FAE04EC0-301F-11D3-BF4B-00C04F79EFBC}") = "Unity.2D.Tilemap.Extras", "Unity.2D.Tilemap.Extras.csproj", "{1E066BBB-0B16-AFC4-FD96-A27FD0E8E204}"
EndProject
Project("{FAE04EC0-301F-11D3-BF4B-00C04F79EFBC}") = "Unity.VisualScripting.Shared.Editor", "Unity.VisualScripting.Shared.Editor.csproj", "{CC6E8262-C45B-C35C-E918-57634AC698E3}"
EndProject
Project("{FAE04EC0-301F-11D3-BF4B-00C04F79EFBC}") = "Unity.Collections.DocCodeSamples", "Unity.Collections.DocCodeSamples.csproj", "{4D6624DA-3DEE-967E-1917-CE4793507DDA}"
EndProject
Project("{FAE04EC0-301F-11D3-BF4B-00C04F79EFBC}") = "Unity.Collections.BurstCompatibilityGen", "Unity.Collections.BurstCompatibilityGen.csproj", "{9E64D545-78DE-C79F-C49F-D87A6C16F145}"
EndProject
Project("{FAE04EC0-301F-11D3-BF4B-00C04F79EFBC}") = "Assembly-CSharp-Editor", "Assembly-CSharp-Editor.csproj", "{4A02E596-4A58-D2D3-D947-D7B4CCE3CCD2}"
EndProject
Global
	GlobalSection(SolutionConfigurationPlatforms) = preSolution
		Debug|Any CPU = Debug|Any CPU
		Release|Any CPU = Release|Any CPU
	EndGlobalSection
	GlobalSection(ProjectConfigurationPlatforms) = postSolution
		{12F83CB7-3DBF-F336-4AF0-E0CF1C76D98D}.Debug|Any CPU.ActiveCfg = Debug|Any CPU
		{12F83CB7-3DBF-F336-4AF0-E0CF1C76D98D}.Debug|Any CPU.Build.0 = Debug|Any CPU
		{12F83CB7-3DBF-F336-4AF0-E0CF1C76D98D}.Release|Any CPU.ActiveCfg = Release|Any CPU
		{12F83CB7-3DBF-F336-4AF0-E0CF1C76D98D}.Release|Any CPU.Build.0 = Release|Any CPU
		{B0B2EFE8-F086-AA31-99DE-2B61268BDFEB}.Debug|Any CPU.ActiveCfg = Debug|Any CPU
		{B0B2EFE8-F086-AA31-99DE-2B61268BDFEB}.Debug|Any CPU.Build.0 = Debug|Any CPU
		{B0B2EFE8-F086-AA31-99DE-2B61268BDFEB}.Release|Any CPU.ActiveCfg = Release|Any CPU
		{B0B2EFE8-F086-AA31-99DE-2B61268BDFEB}.Release|Any CPU.Build.0 = Release|Any CPU
		{E7036E74-1DB7-01F0-9CC6-801FAB4F6FD0}.Debug|Any CPU.ActiveCfg = Debug|Any CPU
		{E7036E74-1DB7-01F0-9CC6-801FAB4F6FD0}.Debug|Any CPU.Build.0 = Debug|Any CPU
		{E7036E74-1DB7-01F0-9CC6-801FAB4F6FD0}.Release|Any CPU.ActiveCfg = Release|Any CPU
		{E7036E74-1DB7-01F0-9CC6-801FAB4F6FD0}.Release|Any CPU.Build.0 = Release|Any CPU
		{EF70064E-C704-B19C-82EC-5B63B88B7688}.Debug|Any CPU.ActiveCfg = Debug|Any CPU
		{EF70064E-C704-B19C-82EC-5B63B88B7688}.Debug|Any CPU.Build.0 = Debug|Any CPU
		{EF70064E-C704-B19C-82EC-5B63B88B7688}.Release|Any CPU.ActiveCfg = Release|Any CPU
		{EF70064E-C704-B19C-82EC-5B63B88B7688}.Release|Any CPU.Build.0 = Release|Any CPU
		{5CBBF213-D873-6F92-F992-F68F13AD2149}.Debug|Any CPU.ActiveCfg = Debug|Any CPU
		{5CBBF213-D873-6F92-F992-F68F13AD2149}.Debug|Any CPU.Build.0 = Debug|Any CPU
		{5CBBF213-D873-6F92-F992-F68F13AD2149}.Release|Any CPU.ActiveCfg = Release|Any CPU
		{5CBBF213-D873-6F92-F992-F68F13AD2149}.Release|Any CPU.Build.0 = Release|Any CPU
		{346923B3-E28E-C21C-53EF-D0A6E479FBA4}.Debug|Any CPU.ActiveCfg = Debug|Any CPU
		{346923B3-E28E-C21C-53EF-D0A6E479FBA4}.Debug|Any CPU.Build.0 = Debug|Any CPU
		{346923B3-E28E-C21C-53EF-D0A6E479FBA4}.Release|Any CPU.ActiveCfg = Release|Any CPU
		{346923B3-E28E-C21C-53EF-D0A6E479FBA4}.Release|Any CPU.Build.0 = Release|Any CPU
		{863E48CB-528C-F50F-9D4B-7801BE1DCBE8}.Debug|Any CPU.ActiveCfg = Debug|Any CPU
		{863E48CB-528C-F50F-9D4B-7801BE1DCBE8}.Debug|Any CPU.Build.0 = Debug|Any CPU
		{863E48CB-528C-F50F-9D4B-7801BE1DCBE8}.Release|Any CPU.ActiveCfg = Release|Any CPU
		{863E48CB-528C-F50F-9D4B-7801BE1DCBE8}.Release|Any CPU.Build.0 = Release|Any CPU
		{5CFC22FF-D25E-7E88-FCF6-C1076816EBBC}.Debug|Any CPU.ActiveCfg = Debug|Any CPU
		{5CFC22FF-D25E-7E88-FCF6-C1076816EBBC}.Debug|Any CPU.Build.0 = Debug|Any CPU
		{5CFC22FF-D25E-7E88-FCF6-C1076816EBBC}.Release|Any CPU.ActiveCfg = Release|Any CPU
		{5CFC22FF-D25E-7E88-FCF6-C1076816EBBC}.Release|Any CPU.Build.0 = Release|Any CPU
		{6F794D2E-D5AA-911C-4CBC-9C1B82A7478A}.Debug|Any CPU.ActiveCfg = Debug|Any CPU
		{6F794D2E-D5AA-911C-4CBC-9C1B82A7478A}.Debug|Any CPU.Build.0 = Debug|Any CPU
		{6F794D2E-D5AA-911C-4CBC-9C1B82A7478A}.Release|Any CPU.ActiveCfg = Release|Any CPU
		{6F794D2E-D5AA-911C-4CBC-9C1B82A7478A}.Release|Any CPU.Build.0 = Release|Any CPU
		{1C7DE591-4C0D-D062-F163-DC2089E2B956}.Debug|Any CPU.ActiveCfg = Debug|Any CPU
		{1C7DE591-4C0D-D062-F163-DC2089E2B956}.Debug|Any CPU.Build.0 = Debug|Any CPU
		{1C7DE591-4C0D-D062-F163-DC2089E2B956}.Release|Any CPU.ActiveCfg = Release|Any CPU
		{1C7DE591-4C0D-D062-F163-DC2089E2B956}.Release|Any CPU.Build.0 = Release|Any CPU
		{183FCD29-ED0C-3BF0-2477-FF71625B50F4}.Debug|Any CPU.ActiveCfg = Debug|Any CPU
		{183FCD29-ED0C-3BF0-2477-FF71625B50F4}.Debug|Any CPU.Build.0 = Debug|Any CPU
		{183FCD29-ED0C-3BF0-2477-FF71625B50F4}.Release|Any CPU.ActiveCfg = Release|Any CPU
		{183FCD29-ED0C-3BF0-2477-FF71625B50F4}.Release|Any CPU.Build.0 = Release|Any CPU
		{7B95FADF-5C27-E49A-F229-2B670B4A240D}.Debug|Any CPU.ActiveCfg = Debug|Any CPU
		{7B95FADF-5C27-E49A-F229-2B670B4A240D}.Debug|Any CPU.Build.0 = Debug|Any CPU
		{7B95FADF-5C27-E49A-F229-2B670B4A240D}.Release|Any CPU.ActiveCfg = Release|Any CPU
		{7B95FADF-5C27-E49A-F229-2B670B4A240D}.Release|Any CPU.Build.0 = Release|Any CPU
		{96F500E4-32E2-207B-7372-E0EBC56A010B}.Debug|Any CPU.ActiveCfg = Debug|Any CPU
		{96F500E4-32E2-207B-7372-E0EBC56A010B}.Debug|Any CPU.Build.0 = Debug|Any CPU
		{96F500E4-32E2-207B-7372-E0EBC56A010B}.Release|Any CPU.ActiveCfg = Release|Any CPU
		{96F500E4-32E2-207B-7372-E0EBC56A010B}.Release|Any CPU.Build.0 = Release|Any CPU
		{24CFA611-9EDE-4D3B-1E66-9D8426337CCF}.Debug|Any CPU.ActiveCfg = Debug|Any CPU
		{24CFA611-9EDE-4D3B-1E66-9D8426337CCF}.Debug|Any CPU.Build.0 = Debug|Any CPU
		{24CFA611-9EDE-4D3B-1E66-9D8426337CCF}.Release|Any CPU.ActiveCfg = Release|Any CPU
		{24CFA611-9EDE-4D3B-1E66-9D8426337CCF}.Release|Any CPU.Build.0 = Release|Any CPU
		{0692C4BF-B6CE-13E0-0DCE-91EA241FB8EF}.Debug|Any CPU.ActiveCfg = Debug|Any CPU
		{0692C4BF-B6CE-13E0-0DCE-91EA241FB8EF}.Debug|Any CPU.Build.0 = Debug|Any CPU
		{0692C4BF-B6CE-13E0-0DCE-91EA241FB8EF}.Release|Any CPU.ActiveCfg = Release|Any CPU
		{0692C4BF-B6CE-13E0-0DCE-91EA241FB8EF}.Release|Any CPU.Build.0 = Release|Any CPU
		{1307800D-3A11-CEC7-F6A0-8D086810DBF6}.Debug|Any CPU.ActiveCfg = Debug|Any CPU
		{1307800D-3A11-CEC7-F6A0-8D086810DBF6}.Debug|Any CPU.Build.0 = Debug|Any CPU
		{1307800D-3A11-CEC7-F6A0-8D086810DBF6}.Release|Any CPU.ActiveCfg = Release|Any CPU
		{1307800D-3A11-CEC7-F6A0-8D086810DBF6}.Release|Any CPU.Build.0 = Release|Any CPU
		{B9ADB8C0-D284-7001-44F1-8C07918FBC64}.Debug|Any CPU.ActiveCfg = Debug|Any CPU
		{B9ADB8C0-D284-7001-44F1-8C07918FBC64}.Debug|Any CPU.Build.0 = Debug|Any CPU
		{B9ADB8C0-D284-7001-44F1-8C07918FBC64}.Release|Any CPU.ActiveCfg = Release|Any CPU
		{B9ADB8C0-D284-7001-44F1-8C07918FBC64}.Release|Any CPU.Build.0 = Release|Any CPU
		{AF169846-BB7C-A315-8587-84900529CDA6}.Debug|Any CPU.ActiveCfg = Debug|Any CPU
		{AF169846-BB7C-A315-8587-84900529CDA6}.Debug|Any CPU.Build.0 = Debug|Any CPU
		{AF169846-BB7C-A315-8587-84900529CDA6}.Release|Any CPU.ActiveCfg = Release|Any CPU
		{AF169846-BB7C-A315-8587-84900529CDA6}.Release|Any CPU.Build.0 = Release|Any CPU
		{DEC35FBC-8AD1-DC1C-06B7-A0C9D00DC228}.Debug|Any CPU.ActiveCfg = Debug|Any CPU
		{DEC35FBC-8AD1-DC1C-06B7-A0C9D00DC228}.Debug|Any CPU.Build.0 = Debug|Any CPU
		{DEC35FBC-8AD1-DC1C-06B7-A0C9D00DC228}.Release|Any CPU.ActiveCfg = Release|Any CPU
		{DEC35FBC-8AD1-DC1C-06B7-A0C9D00DC228}.Release|Any CPU.Build.0 = Release|Any CPU
		{3F84EB69-2F76-E6EB-E533-B4337A4C217F}.Debug|Any CPU.ActiveCfg = Debug|Any CPU
		{3F84EB69-2F76-E6EB-E533-B4337A4C217F}.Debug|Any CPU.Build.0 = Debug|Any CPU
		{3F84EB69-2F76-E6EB-E533-B4337A4C217F}.Release|Any CPU.ActiveCfg = Release|Any CPU
		{3F84EB69-2F76-E6EB-E533-B4337A4C217F}.Release|Any CPU.Build.0 = Release|Any CPU
		{6D4EA075-1A28-7026-CE48-AC8494000565}.Debug|Any CPU.ActiveCfg = Debug|Any CPU
		{6D4EA075-1A28-7026-CE48-AC8494000565}.Debug|Any CPU.Build.0 = Debug|Any CPU
		{6D4EA075-1A28-7026-CE48-AC8494000565}.Release|Any CPU.ActiveCfg = Release|Any CPU
		{6D4EA075-1A28-7026-CE48-AC8494000565}.Release|Any CPU.Build.0 = Release|Any CPU
		{B6CA5C68-1EE8-8120-D976-DE08943AC219}.Debug|Any CPU.ActiveCfg = Debug|Any CPU
		{B6CA5C68-1EE8-8120-D976-DE08943AC219}.Debug|Any CPU.Build.0 = Debug|Any CPU
		{B6CA5C68-1EE8-8120-D976-DE08943AC219}.Release|Any CPU.ActiveCfg = Release|Any CPU
		{B6CA5C68-1EE8-8120-D976-DE08943AC219}.Release|Any CPU.Build.0 = Release|Any CPU
		{B317E922-EA77-CDB0-59B3-A7155D528449}.Debug|Any CPU.ActiveCfg = Debug|Any CPU
		{B317E922-EA77-CDB0-59B3-A7155D528449}.Debug|Any CPU.Build.0 = Debug|Any CPU
		{B317E922-EA77-CDB0-59B3-A7155D528449}.Release|Any CPU.ActiveCfg = Release|Any CPU
		{B317E922-EA77-CDB0-59B3-A7155D528449}.Release|Any CPU.Build.0 = Release|Any CPU
		{63B5196B-4EF8-8898-BD99-AF5EC4D1799A}.Debug|Any CPU.ActiveCfg = Debug|Any CPU
		{63B5196B-4EF8-8898-BD99-AF5EC4D1799A}.Debug|Any CPU.Build.0 = Debug|Any CPU
		{63B5196B-4EF8-8898-BD99-AF5EC4D1799A}.Release|Any CPU.ActiveCfg = Release|Any CPU
		{63B5196B-4EF8-8898-BD99-AF5EC4D1799A}.Release|Any CPU.Build.0 = Release|Any CPU
		{3B3E15FB-4E80-8695-AD84-CE96984370B9}.Debug|Any CPU.ActiveCfg = Debug|Any CPU
		{3B3E15FB-4E80-8695-AD84-CE96984370B9}.Debug|Any CPU.Build.0 = Debug|Any CPU
		{3B3E15FB-4E80-8695-AD84-CE96984370B9}.Release|Any CPU.ActiveCfg = Release|Any CPU
		{3B3E15FB-4E80-8695-AD84-CE96984370B9}.Release|Any CPU.Build.0 = Release|Any CPU
		{762AAA80-DEF1-2DB1-DE7B-9C8E1FE6AD4A}.Debug|Any CPU.ActiveCfg = Debug|Any CPU
		{762AAA80-DEF1-2DB1-DE7B-9C8E1FE6AD4A}.Debug|Any CPU.Build.0 = Debug|Any CPU
		{762AAA80-DEF1-2DB1-DE7B-9C8E1FE6AD4A}.Release|Any CPU.ActiveCfg = Release|Any CPU
		{762AAA80-DEF1-2DB1-DE7B-9C8E1FE6AD4A}.Release|Any CPU.Build.0 = Release|Any CPU
		{6A9D9013-88E1-FA10-68D2-B3B0F27CA84A}.Debug|Any CPU.ActiveCfg = Debug|Any CPU
		{6A9D9013-88E1-FA10-68D2-B3B0F27CA84A}.Debug|Any CPU.Build.0 = Debug|Any CPU
		{6A9D9013-88E1-FA10-68D2-B3B0F27CA84A}.Release|Any CPU.ActiveCfg = Release|Any CPU
		{6A9D9013-88E1-FA10-68D2-B3B0F27CA84A}.Release|Any CPU.Build.0 = Release|Any CPU
		{C96B58A4-4B3C-F80A-A7EE-4224FEABE26C}.Debug|Any CPU.ActiveCfg = Debug|Any CPU
		{C96B58A4-4B3C-F80A-A7EE-4224FEABE26C}.Debug|Any CPU.Build.0 = Debug|Any CPU
		{C96B58A4-4B3C-F80A-A7EE-4224FEABE26C}.Release|Any CPU.ActiveCfg = Release|Any CPU
		{C96B58A4-4B3C-F80A-A7EE-4224FEABE26C}.Release|Any CPU.Build.0 = Release|Any CPU
		{C616F0ED-F5A2-76DD-3274-2BCD0945F908}.Debug|Any CPU.ActiveCfg = Debug|Any CPU
		{C616F0ED-F5A2-76DD-3274-2BCD0945F908}.Debug|Any CPU.Build.0 = Debug|Any CPU
		{C616F0ED-F5A2-76DD-3274-2BCD0945F908}.Release|Any CPU.ActiveCfg = Release|Any CPU
		{C616F0ED-F5A2-76DD-3274-2BCD0945F908}.Release|Any CPU.Build.0 = Release|Any CPU
		{78519391-4B17-36AB-AE90-9247BA87632C}.Debug|Any CPU.ActiveCfg = Debug|Any CPU
		{78519391-4B17-36AB-AE90-9247BA87632C}.Debug|Any CPU.Build.0 = Debug|Any CPU
		{78519391-4B17-36AB-AE90-9247BA87632C}.Release|Any CPU.ActiveCfg = Release|Any CPU
		{78519391-4B17-36AB-AE90-9247BA87632C}.Release|Any CPU.Build.0 = Release|Any CPU
		{AEB821C8-2C91-45E0-076F-8C0EB1FEE89D}.Debug|Any CPU.ActiveCfg = Debug|Any CPU
		{AEB821C8-2C91-45E0-076F-8C0EB1FEE89D}.Debug|Any CPU.Build.0 = Debug|Any CPU
		{AEB821C8-2C91-45E0-076F-8C0EB1FEE89D}.Release|Any CPU.ActiveCfg = Release|Any CPU
		{AEB821C8-2C91-45E0-076F-8C0EB1FEE89D}.Release|Any CPU.Build.0 = Release|Any CPU
		{2CB94E3A-CE15-AC62-8F2F-715E06D256C4}.Debug|Any CPU.ActiveCfg = Debug|Any CPU
		{2CB94E3A-CE15-AC62-8F2F-715E06D256C4}.Debug|Any CPU.Build.0 = Debug|Any CPU
		{2CB94E3A-CE15-AC62-8F2F-715E06D256C4}.Release|Any CPU.ActiveCfg = Release|Any CPU
		{2CB94E3A-CE15-AC62-8F2F-715E06D256C4}.Release|Any CPU.Build.0 = Release|Any CPU
		{FB3C08F6-5564-1C8D-E817-53BF93DC1010}.Debug|Any CPU.ActiveCfg = Debug|Any CPU
		{FB3C08F6-5564-1C8D-E817-53BF93DC1010}.Debug|Any CPU.Build.0 = Debug|Any CPU
		{FB3C08F6-5564-1C8D-E817-53BF93DC1010}.Release|Any CPU.ActiveCfg = Release|Any CPU
		{FB3C08F6-5564-1C8D-E817-53BF93DC1010}.Release|Any CPU.Build.0 = Release|Any CPU
		{28487956-B387-5C0D-E0E0-3B1EC717DC71}.Debug|Any CPU.ActiveCfg = Debug|Any CPU
		{28487956-B387-5C0D-E0E0-3B1EC717DC71}.Debug|Any CPU.Build.0 = Debug|Any CPU
		{28487956-B387-5C0D-E0E0-3B1EC717DC71}.Release|Any CPU.ActiveCfg = Release|Any CPU
		{28487956-B387-5C0D-E0E0-3B1EC717DC71}.Release|Any CPU.Build.0 = Release|Any CPU
		{64C1C16C-15F1-A433-456A-29DFB61207E1}.Debug|Any CPU.ActiveCfg = Debug|Any CPU
		{64C1C16C-15F1-A433-456A-29DFB61207E1}.Debug|Any CPU.Build.0 = Debug|Any CPU
		{64C1C16C-15F1-A433-456A-29DFB61207E1}.Release|Any CPU.ActiveCfg = Release|Any CPU
		{64C1C16C-15F1-A433-456A-29DFB61207E1}.Release|Any CPU.Build.0 = Release|Any CPU
		{A0F61711-D523-92BB-736D-FB979A948097}.Debug|Any CPU.ActiveCfg = Debug|Any CPU
		{A0F61711-D523-92BB-736D-FB979A948097}.Debug|Any CPU.Build.0 = Debug|Any CPU
		{A0F61711-D523-92BB-736D-FB979A948097}.Release|Any CPU.ActiveCfg = Release|Any CPU
		{A0F61711-D523-92BB-736D-FB979A948097}.Release|Any CPU.Build.0 = Release|Any CPU
		{083C005C-0CD4-900C-307D-13A931F4CF9D}.Debug|Any CPU.ActiveCfg = Debug|Any CPU
		{083C005C-0CD4-900C-307D-13A931F4CF9D}.Debug|Any CPU.Build.0 = Debug|Any CPU
		{083C005C-0CD4-900C-307D-13A931F4CF9D}.Release|Any CPU.ActiveCfg = Release|Any CPU
		{083C005C-0CD4-900C-307D-13A931F4CF9D}.Release|Any CPU.Build.0 = Release|Any CPU
		{EFAF99FA-5BD1-D9D1-58FB-840F3ABEFC33}.Debug|Any CPU.ActiveCfg = Debug|Any CPU
		{EFAF99FA-5BD1-D9D1-58FB-840F3ABEFC33}.Debug|Any CPU.Build.0 = Debug|Any CPU
		{EFAF99FA-5BD1-D9D1-58FB-840F3ABEFC33}.Release|Any CPU.ActiveCfg = Release|Any CPU
		{EFAF99FA-5BD1-D9D1-58FB-840F3ABEFC33}.Release|Any CPU.Build.0 = Release|Any CPU
		{A777964D-4ADB-9AB9-8049-74B47216ABD5}.Debug|Any CPU.ActiveCfg = Debug|Any CPU
		{A777964D-4ADB-9AB9-8049-74B47216ABD5}.Debug|Any CPU.Build.0 = Debug|Any CPU
		{A777964D-4ADB-9AB9-8049-74B47216ABD5}.Release|Any CPU.ActiveCfg = Release|Any CPU
		{A777964D-4ADB-9AB9-8049-74B47216ABD5}.Release|Any CPU.Build.0 = Release|Any CPU
		{0D5493A9-2DFA-5D4B-4A8D-198B950B19E3}.Debug|Any CPU.ActiveCfg = Debug|Any CPU
		{0D5493A9-2DFA-5D4B-4A8D-198B950B19E3}.Debug|Any CPU.Build.0 = Debug|Any CPU
		{0D5493A9-2DFA-5D4B-4A8D-198B950B19E3}.Release|Any CPU.ActiveCfg = Release|Any CPU
		{0D5493A9-2DFA-5D4B-4A8D-198B950B19E3}.Release|Any CPU.Build.0 = Release|Any CPU
		{FE975ADC-7625-E37D-154A-C8CC43608F99}.Debug|Any CPU.ActiveCfg = Debug|Any CPU
		{FE975ADC-7625-E37D-154A-C8CC43608F99}.Debug|Any CPU.Build.0 = Debug|Any CPU
		{FE975ADC-7625-E37D-154A-C8CC43608F99}.Release|Any CPU.ActiveCfg = Release|Any CPU
		{FE975ADC-7625-E37D-154A-C8CC43608F99}.Release|Any CPU.Build.0 = Release|Any CPU
		{D63CDDBF-6EC0-EEC4-1696-E03AA0ECFE9F}.Debug|Any CPU.ActiveCfg = Debug|Any CPU
		{D63CDDBF-6EC0-EEC4-1696-E03AA0ECFE9F}.Debug|Any CPU.Build.0 = Debug|Any CPU
		{D63CDDBF-6EC0-EEC4-1696-E03AA0ECFE9F}.Release|Any CPU.ActiveCfg = Release|Any CPU
		{D63CDDBF-6EC0-EEC4-1696-E03AA0ECFE9F}.Release|Any CPU.Build.0 = Release|Any CPU
		{9A59BAA3-74FB-D374-5BCA-1B83A5497174}.Debug|Any CPU.ActiveCfg = Debug|Any CPU
		{9A59BAA3-74FB-D374-5BCA-1B83A5497174}.Debug|Any CPU.Build.0 = Debug|Any CPU
		{9A59BAA3-74FB-D374-5BCA-1B83A5497174}.Release|Any CPU.ActiveCfg = Release|Any CPU
		{9A59BAA3-74FB-D374-5BCA-1B83A5497174}.Release|Any CPU.Build.0 = Release|Any CPU
		{73A0D054-3276-6725-655C-DEC1F3AE0D43}.Debug|Any CPU.ActiveCfg = Debug|Any CPU
		{73A0D054-3276-6725-655C-DEC1F3AE0D43}.Debug|Any CPU.Build.0 = Debug|Any CPU
		{73A0D054-3276-6725-655C-DEC1F3AE0D43}.Release|Any CPU.ActiveCfg = Release|Any CPU
		{73A0D054-3276-6725-655C-DEC1F3AE0D43}.Release|Any CPU.Build.0 = Release|Any CPU
		{1E066BBB-0B16-AFC4-FD96-A27FD0E8E204}.Debug|Any CPU.ActiveCfg = Debug|Any CPU
		{1E066BBB-0B16-AFC4-FD96-A27FD0E8E204}.Debug|Any CPU.Build.0 = Debug|Any CPU
		{1E066BBB-0B16-AFC4-FD96-A27FD0E8E204}.Release|Any CPU.ActiveCfg = Release|Any CPU
		{1E066BBB-0B16-AFC4-FD96-A27FD0E8E204}.Release|Any CPU.Build.0 = Release|Any CPU
		{CC6E8262-C45B-C35C-E918-57634AC698E3}.Debug|Any CPU.ActiveCfg = Debug|Any CPU
		{CC6E8262-C45B-C35C-E918-57634AC698E3}.Debug|Any CPU.Build.0 = Debug|Any CPU
		{CC6E8262-C45B-C35C-E918-57634AC698E3}.Release|Any CPU.ActiveCfg = Release|Any CPU
		{CC6E8262-C45B-C35C-E918-57634AC698E3}.Release|Any CPU.Build.0 = Release|Any CPU
		{4D6624DA-3DEE-967E-1917-CE4793507DDA}.Debug|Any CPU.ActiveCfg = Debug|Any CPU
		{4D6624DA-3DEE-967E-1917-CE4793507DDA}.Debug|Any CPU.Build.0 = Debug|Any CPU
		{4D6624DA-3DEE-967E-1917-CE4793507DDA}.Release|Any CPU.ActiveCfg = Release|Any CPU
		{4D6624DA-3DEE-967E-1917-CE4793507DDA}.Release|Any CPU.Build.0 = Release|Any CPU
		{9E64D545-78DE-C79F-C49F-D87A6C16F145}.Debug|Any CPU.ActiveCfg = Debug|Any CPU
		{9E64D545-78DE-C79F-C49F-D87A6C16F145}.Debug|Any CPU.Build.0 = Debug|Any CPU
		{9E64D545-78DE-C79F-C49F-D87A6C16F145}.Release|Any CPU.ActiveCfg = Release|Any CPU
		{9E64D545-78DE-C79F-C49F-D87A6C16F145}.Release|Any CPU.Build.0 = Release|Any CPU
		{4A02E596-4A58-D2D3-D947-D7B4CCE3CCD2}.Debug|Any CPU.ActiveCfg = Debug|Any CPU
		{4A02E596-4A58-D2D3-D947-D7B4CCE3CCD2}.Debug|Any CPU.Build.0 = Debug|Any CPU
		{4A02E596-4A58-D2D3-D947-D7B4CCE3CCD2}.Release|Any CPU.ActiveCfg = Release|Any CPU
		{4A02E596-4A58-D2D3-D947-D7B4CCE3CCD2}.Release|Any CPU.Build.0 = Release|Any CPU
	EndGlobalSection
	GlobalSection(SolutionProperties) = preSolution
		HideSolutionNode = FALSE
	EndGlobalSection
EndGlobal
